version: 1.0
shards:
  bindgen:
    github: Papierkorb/bindgen
    commit: 150396158bd9a3632a644b037ea7389e4d25449a

  qt5:
    github: Papierkorb/qt5.cr
    commit: e9a0e8c129d72b5a1d4aca43113513606d6c61f4

  toka:
    github: Papierkorb/toka
    version: 0.1.2

  toml:
    github: foliea/crystal-toml
    commit: 63402133b1609741494ca90949c759452d9aa610

